
Microsoft Visual Studio Solution File, Format Version 12.00
# Visual Studio Version 17
VisualStudioVersion = 17.3.32901.215
MinimumVisualStudioVersion = 10.0.40219.1
Project("{FAE04EC0-301F-11D3-BF4B-00C04F79EFBC}") = "LeaveManagementWeb Core 6", "LeaveManagementWeb Core 6.csproj", "{357A96B7-8428-4AF2-AD46-7F0423AC0E8E}"
EndProject
Global
	GlobalSection(SolutionConfigurationPlatforms) = preSolution
		Debug|Any CPU = Debug|Any CPU
		Release|Any CPU = Release|Any CPU
	EndGlobalSection
	GlobalSection(ProjectConfigurationPlatforms) = postSolution
		{357A96B7-8428-4AF2-AD46-7F0423AC0E8E}.Debug|Any CPU.ActiveCfg = Debug|Any CPU
		{357A96B7-8428-4AF2-AD46-7F0423AC0E8E}.Debug|Any CPU.Build.0 = Debug|Any CPU
		{357A96B7-8428-4AF2-AD46-7F0423AC0E8E}.Release|Any CPU.ActiveCfg = Release|Any CPU
		{357A96B7-8428-4AF2-AD46-7F0423AC0E8E}.Release|Any CPU.Build.0 = Release|Any CPU
	EndGlobalSection
	GlobalSection(SolutionProperties) = preSolution
		HideSolutionNode = FALSE
	EndGlobalSection
	GlobalSection(ExtensibilityGlobals) = postSolution
		SolutionGuid = {31C1E5D8-B443-4C20-8FD4-73AD7C636E51}
	EndGlobalSection
EndGlobal
